// !$*UTF8*$!
{
	archiveVersion = 1;
	classes = {
	};
	objectVersion = 55;
	objects = {

/* Begin PBXBuildFile section */
		0369FC9A276EC7E5002245D3 /* StartView.swift in Sources */ = {isa = PBXBuildFile; fileRef = 0369FC99276EC7E5002245D3 /* StartView.swift */; };
		0369FC9C277A6AE9002245D3 /* ContactDevView.swift in Sources */ = {isa = PBXBuildFile; fileRef = 0369FC9B277A6AE9002245D3 /* ContactDevView.swift */; };
		0369FCA2277AA670002245D3 /* Media.xcassets in Resources */ = {isa = PBXBuildFile; fileRef = 0369FCA1277AA670002245D3 /* Media.xcassets */; };
		038D0FF927819B9E0045BE9B /* SearchView.swift in Sources */ = {isa = PBXBuildFile; fileRef = 038D0FF827819B9E0045BE9B /* SearchView.swift */; };
		03985A432769852D001A1155 /* iOSBibleApp.swift in Sources */ = {isa = PBXBuildFile; fileRef = 03985A422769852D001A1155 /* iOSBibleApp.swift */; };
		03985A4727698531001A1155 /* Assets.xcassets in Resources */ = {isa = PBXBuildFile; fileRef = 03985A4627698531001A1155 /* Assets.xcassets */; };
		03985A4A27698531001A1155 /* Preview Assets.xcassets in Resources */ = {isa = PBXBuildFile; fileRef = 03985A4927698531001A1155 /* Preview Assets.xcassets */; };
		03985A5427698531001A1155 /* iOSBibleTests.swift in Sources */ = {isa = PBXBuildFile; fileRef = 03985A5327698531001A1155 /* iOSBibleTests.swift */; };
		03985A5E27698531001A1155 /* iOSBibleUITests.swift in Sources */ = {isa = PBXBuildFile; fileRef = 03985A5D27698531001A1155 /* iOSBibleUITests.swift */; };
		03985A6027698531001A1155 /* iOSBibleUITestsLaunchTests.swift in Sources */ = {isa = PBXBuildFile; fileRef = 03985A5F27698531001A1155 /* iOSBibleUITestsLaunchTests.swift */; };
		03985A6D27698546001A1155 /* bible.json in Resources */ = {isa = PBXBuildFile; fileRef = 03985A6C27698546001A1155 /* bible.json */; };
		03985A6F2769862E001A1155 /* BibleStruct.swift in Sources */ = {isa = PBXBuildFile; fileRef = 03985A6E2769862E001A1155 /* BibleStruct.swift */; };
		03985A752769957C001A1155 /* CardView.swift in Sources */ = {isa = PBXBuildFile; fileRef = 03985A742769957C001A1155 /* CardView.swift */; };
		03985A792769D701001A1155 /* ChapterView.swift in Sources */ = {isa = PBXBuildFile; fileRef = 03985A782769D701001A1155 /* ChapterView.swift */; };
		03985A7B276AF96B001A1155 /* TestamentView.swift in Sources */ = {isa = PBXBuildFile; fileRef = 03985A7A276AF96B001A1155 /* TestamentView.swift */; };
		03985A7D276B093B001A1155 /* Navigation.swift in Sources */ = {isa = PBXBuildFile; fileRef = 03985A7C276B093B001A1155 /* Navigation.swift */; };
		03985A7F276B223F001A1155 /* ChapterListView.swift in Sources */ = {isa = PBXBuildFile; fileRef = 03985A7E276B223F001A1155 /* ChapterListView.swift */; };
/* End PBXBuildFile section */

/* Begin PBXContainerItemProxy section */
		03985A5027698531001A1155 /* PBXContainerItemProxy */ = {
			isa = PBXContainerItemProxy;
			containerPortal = 03985A372769852D001A1155 /* Project object */;
			proxyType = 1;
			remoteGlobalIDString = 03985A3E2769852D001A1155;
			remoteInfo = iOSBible;
		};
		03985A5A27698531001A1155 /* PBXContainerItemProxy */ = {
			isa = PBXContainerItemProxy;
			containerPortal = 03985A372769852D001A1155 /* Project object */;
			proxyType = 1;
			remoteGlobalIDString = 03985A3E2769852D001A1155;
			remoteInfo = iOSBible;
		};
/* End PBXContainerItemProxy section */

/* Begin PBXFileReference section */
		0369FC99276EC7E5002245D3 /* StartView.swift */ = {isa = PBXFileReference; lastKnownFileType = sourcecode.swift; path = StartView.swift; sourceTree = "<group>"; };
		0369FC9B277A6AE9002245D3 /* ContactDevView.swift */ = {isa = PBXFileReference; lastKnownFileType = sourcecode.swift; path = ContactDevView.swift; sourceTree = "<group>"; };
		0369FCA1277AA670002245D3 /* Media.xcassets */ = {isa = PBXFileReference; lastKnownFileType = folder.assetcatalog; path = Media.xcassets; sourceTree = "<group>"; };
		038D0FF827819B9E0045BE9B /* SearchView.swift */ = {isa = PBXFileReference; lastKnownFileType = sourcecode.swift; path = SearchView.swift; sourceTree = "<group>"; };
		03985A3F2769852D001A1155 /* iOSBible.app */ = {isa = PBXFileReference; explicitFileType = wrapper.application; includeInIndex = 0; path = iOSBible.app; sourceTree = BUILT_PRODUCTS_DIR; };
		03985A422769852D001A1155 /* iOSBibleApp.swift */ = {isa = PBXFileReference; lastKnownFileType = sourcecode.swift; path = iOSBibleApp.swift; sourceTree = "<group>"; };
		03985A4627698531001A1155 /* Assets.xcassets */ = {isa = PBXFileReference; lastKnownFileType = folder.assetcatalog; path = Assets.xcassets; sourceTree = "<group>"; };
		03985A4927698531001A1155 /* Preview Assets.xcassets */ = {isa = PBXFileReference; lastKnownFileType = folder.assetcatalog; path = "Preview Assets.xcassets"; sourceTree = "<group>"; };
		03985A4F27698531001A1155 /* iOSBibleTests.xctest */ = {isa = PBXFileReference; explicitFileType = wrapper.cfbundle; includeInIndex = 0; path = iOSBibleTests.xctest; sourceTree = BUILT_PRODUCTS_DIR; };
		03985A5327698531001A1155 /* iOSBibleTests.swift */ = {isa = PBXFileReference; lastKnownFileType = sourcecode.swift; path = iOSBibleTests.swift; sourceTree = "<group>"; };
		03985A5927698531001A1155 /* iOSBibleUITests.xctest */ = {isa = PBXFileReference; explicitFileType = wrapper.cfbundle; includeInIndex = 0; path = iOSBibleUITests.xctest; sourceTree = BUILT_PRODUCTS_DIR; };
		03985A5D27698531001A1155 /* iOSBibleUITests.swift */ = {isa = PBXFileReference; lastKnownFileType = sourcecode.swift; path = iOSBibleUITests.swift; sourceTree = "<group>"; };
		03985A5F27698531001A1155 /* iOSBibleUITestsLaunchTests.swift */ = {isa = PBXFileReference; lastKnownFileType = sourcecode.swift; path = iOSBibleUITestsLaunchTests.swift; sourceTree = "<group>"; };
		03985A6C27698546001A1155 /* bible.json */ = {isa = PBXFileReference; fileEncoding = 4; lastKnownFileType = text.json; path = bible.json; sourceTree = "<group>"; };
		03985A6E2769862E001A1155 /* BibleStruct.swift */ = {isa = PBXFileReference; lastKnownFileType = sourcecode.swift; path = BibleStruct.swift; sourceTree = "<group>"; };
		03985A742769957C001A1155 /* CardView.swift */ = {isa = PBXFileReference; lastKnownFileType = sourcecode.swift; path = CardView.swift; sourceTree = "<group>"; };
		03985A782769D701001A1155 /* ChapterView.swift */ = {isa = PBXFileReference; lastKnownFileType = sourcecode.swift; path = ChapterView.swift; sourceTree = "<group>"; };
		03985A7A276AF96B001A1155 /* TestamentView.swift */ = {isa = PBXFileReference; lastKnownFileType = sourcecode.swift; path = TestamentView.swift; sourceTree = "<group>"; };
		03985A7C276B093B001A1155 /* Navigation.swift */ = {isa = PBXFileReference; lastKnownFileType = sourcecode.swift; path = Navigation.swift; sourceTree = "<group>"; };
		03985A7E276B223F001A1155 /* ChapterListView.swift */ = {isa = PBXFileReference; lastKnownFileType = sourcecode.swift; path = ChapterListView.swift; sourceTree = "<group>"; };
/* End PBXFileReference section */

/* Begin PBXFrameworksBuildPhase section */
		03985A3C2769852D001A1155 /* Frameworks */ = {
			isa = PBXFrameworksBuildPhase;
			buildActionMask = 2147483647;
			files = (
			);
			runOnlyForDeploymentPostprocessing = 0;
		};
		03985A4C27698531001A1155 /* Frameworks */ = {
			isa = PBXFrameworksBuildPhase;
			buildActionMask = 2147483647;
			files = (
			);
			runOnlyForDeploymentPostprocessing = 0;
		};
		03985A5627698531001A1155 /* Frameworks */ = {
			isa = PBXFrameworksBuildPhase;
			buildActionMask = 2147483647;
			files = (
			);
			runOnlyForDeploymentPostprocessing = 0;
		};
/* End PBXFrameworksBuildPhase section */

/* Begin PBXGroup section */
		03985A362769852D001A1155 = {
			isa = PBXGroup;
			children = (
				03985A412769852D001A1155 /* iOSBible */,
				03985A5227698531001A1155 /* iOSBibleTests */,
				03985A5C27698531001A1155 /* iOSBibleUITests */,
				03985A402769852D001A1155 /* Products */,
			);
			sourceTree = "<group>";
		};
		03985A402769852D001A1155 /* Products */ = {
			isa = PBXGroup;
			children = (
				03985A3F2769852D001A1155 /* iOSBible.app */,
				03985A4F27698531001A1155 /* iOSBibleTests.xctest */,
				03985A5927698531001A1155 /* iOSBibleUITests.xctest */,
			);
			name = Products;
			sourceTree = "<group>";
		};
		03985A412769852D001A1155 /* iOSBible */ = {
			isa = PBXGroup;
			children = (
				03985A422769852D001A1155 /* iOSBibleApp.swift */,
				03985A6E2769862E001A1155 /* BibleStruct.swift */,
				03985A4627698531001A1155 /* Assets.xcassets */,
				0369FCA1277AA670002245D3 /* Media.xcassets */,
				038D0FF827819B9E0045BE9B /* SearchView.swift */,
				03985A7C276B093B001A1155 /* Navigation.swift */,
				0369FC99276EC7E5002245D3 /* StartView.swift */,
				03985A7A276AF96B001A1155 /* TestamentView.swift */,
				0369FC9B277A6AE9002245D3 /* ContactDevView.swift */,
				03985A7E276B223F001A1155 /* ChapterListView.swift */,
				03985A782769D701001A1155 /* ChapterView.swift */,
				03985A742769957C001A1155 /* CardView.swift */,
				03985A6C27698546001A1155 /* bible.json */,
				03985A4827698531001A1155 /* Preview Content */,
			);
			path = iOSBible;
			sourceTree = "<group>";
		};
		03985A4827698531001A1155 /* Preview Content */ = {
			isa = PBXGroup;
			children = (
				03985A4927698531001A1155 /* Preview Assets.xcassets */,
			);
			path = "Preview Content";
			sourceTree = "<group>";
		};
		03985A5227698531001A1155 /* iOSBibleTests */ = {
			isa = PBXGroup;
			children = (
				03985A5327698531001A1155 /* iOSBibleTests.swift */,
			);
			path = iOSBibleTests;
			sourceTree = "<group>";
		};
		03985A5C27698531001A1155 /* iOSBibleUITests */ = {
			isa = PBXGroup;
			children = (
				03985A5D27698531001A1155 /* iOSBibleUITests.swift */,
				03985A5F27698531001A1155 /* iOSBibleUITestsLaunchTests.swift */,
			);
			path = iOSBibleUITests;
			sourceTree = "<group>";
		};
/* End PBXGroup section */

/* Begin PBXNativeTarget section */
		03985A3E2769852D001A1155 /* iOSBible */ = {
			isa = PBXNativeTarget;
			buildConfigurationList = 03985A6327698531001A1155 /* Build configuration list for PBXNativeTarget "iOSBible" */;
			buildPhases = (
				03985A3B2769852D001A1155 /* Sources */,
				03985A3C2769852D001A1155 /* Frameworks */,
				03985A3D2769852D001A1155 /* Resources */,
			);
			buildRules = (
			);
			dependencies = (
			);
			name = iOSBible;
			productName = iOSBible;
			productReference = 03985A3F2769852D001A1155 /* iOSBible.app */;
			productType = "com.apple.product-type.application";
		};
		03985A4E27698531001A1155 /* iOSBibleTests */ = {
			isa = PBXNativeTarget;
			buildConfigurationList = 03985A6627698531001A1155 /* Build configuration list for PBXNativeTarget "iOSBibleTests" */;
			buildPhases = (
				03985A4B27698531001A1155 /* Sources */,
				03985A4C27698531001A1155 /* Frameworks */,
				03985A4D27698531001A1155 /* Resources */,
			);
			buildRules = (
			);
			dependencies = (
				03985A5127698531001A1155 /* PBXTargetDependency */,
			);
			name = iOSBibleTests;
			productName = iOSBibleTests;
			productReference = 03985A4F27698531001A1155 /* iOSBibleTests.xctest */;
			productType = "com.apple.product-type.bundle.unit-test";
		};
		03985A5827698531001A1155 /* iOSBibleUITests */ = {
			isa = PBXNativeTarget;
			buildConfigurationList = 03985A6927698531001A1155 /* Build configuration list for PBXNativeTarget "iOSBibleUITests" */;
			buildPhases = (
				03985A5527698531001A1155 /* Sources */,
				03985A5627698531001A1155 /* Frameworks */,
				03985A5727698531001A1155 /* Resources */,
			);
			buildRules = (
			);
			dependencies = (
				03985A5B27698531001A1155 /* PBXTargetDependency */,
			);
			name = iOSBibleUITests;
			productName = iOSBibleUITests;
			productReference = 03985A5927698531001A1155 /* iOSBibleUITests.xctest */;
			productType = "com.apple.product-type.bundle.ui-testing";
		};
/* End PBXNativeTarget section */

/* Begin PBXProject section */
		03985A372769852D001A1155 /* Project object */ = {
			isa = PBXProject;
			attributes = {
				BuildIndependentTargetsInParallel = 1;
				LastSwiftUpdateCheck = 1310;
				LastUpgradeCheck = 1310;
				TargetAttributes = {
					03985A3E2769852D001A1155 = {
						CreatedOnToolsVersion = 13.1;
					};
					03985A4E27698531001A1155 = {
						CreatedOnToolsVersion = 13.1;
						TestTargetID = 03985A3E2769852D001A1155;
					};
					03985A5827698531001A1155 = {
						CreatedOnToolsVersion = 13.1;
						TestTargetID = 03985A3E2769852D001A1155;
					};
				};
			};
			buildConfigurationList = 03985A3A2769852D001A1155 /* Build configuration list for PBXProject "iOSBible" */;
			compatibilityVersion = "Xcode 13.0";
			developmentRegion = en;
			hasScannedForEncodings = 0;
			knownRegions = (
				en,
				Base,
			);
			mainGroup = 03985A362769852D001A1155;
			productRefGroup = 03985A402769852D001A1155 /* Products */;
			projectDirPath = "";
			projectRoot = "";
			targets = (
				03985A3E2769852D001A1155 /* iOSBible */,
				03985A4E27698531001A1155 /* iOSBibleTests */,
				03985A5827698531001A1155 /* iOSBibleUITests */,
			);
		};
/* End PBXProject section */

/* Begin PBXResourcesBuildPhase section */
		03985A3D2769852D001A1155 /* Resources */ = {
			isa = PBXResourcesBuildPhase;
			buildActionMask = 2147483647;
			files = (
				0369FCA2277AA670002245D3 /* Media.xcassets in Resources */,
				03985A4A27698531001A1155 /* Preview Assets.xcassets in Resources */,
				03985A6D27698546001A1155 /* bible.json in Resources */,
				03985A4727698531001A1155 /* Assets.xcassets in Resources */,
			);
			runOnlyForDeploymentPostprocessing = 0;
		};
		03985A4D27698531001A1155 /* Resources */ = {
			isa = PBXResourcesBuildPhase;
			buildActionMask = 2147483647;
			files = (
			);
			runOnlyForDeploymentPostprocessing = 0;
		};
		03985A5727698531001A1155 /* Resources */ = {
			isa = PBXResourcesBuildPhase;
			buildActionMask = 2147483647;
			files = (
			);
			runOnlyForDeploymentPostprocessing = 0;
		};
/* End PBXResourcesBuildPhase section */

/* Begin PBXSourcesBuildPhase section */
		03985A3B2769852D001A1155 /* Sources */ = {
			isa = PBXSourcesBuildPhase;
			buildActionMask = 2147483647;
			files = (
				038D0FF927819B9E0045BE9B /* SearchView.swift in Sources */,
				03985A7B276AF96B001A1155 /* TestamentView.swift in Sources */,
				0369FC9C277A6AE9002245D3 /* ContactDevView.swift in Sources */,
				03985A6F2769862E001A1155 /* BibleStruct.swift in Sources */,
				03985A7D276B093B001A1155 /* Navigation.swift in Sources */,
				0369FC9A276EC7E5002245D3 /* StartView.swift in Sources */,
				03985A752769957C001A1155 /* CardView.swift in Sources */,
				03985A432769852D001A1155 /* iOSBibleApp.swift in Sources */,
				03985A7F276B223F001A1155 /* ChapterListView.swift in Sources */,
				03985A792769D701001A1155 /* ChapterView.swift in Sources */,
			);
			runOnlyForDeploymentPostprocessing = 0;
		};
		03985A4B27698531001A1155 /* Sources */ = {
			isa = PBXSourcesBuildPhase;
			buildActionMask = 2147483647;
			files = (
				03985A5427698531001A1155 /* iOSBibleTests.swift in Sources */,
			);
			runOnlyForDeploymentPostprocessing = 0;
		};
		03985A5527698531001A1155 /* Sources */ = {
			isa = PBXSourcesBuildPhase;
			buildActionMask = 2147483647;
			files = (
				03985A6027698531001A1155 /* iOSBibleUITestsLaunchTests.swift in Sources */,
				03985A5E27698531001A1155 /* iOSBibleUITests.swift in Sources */,
			);
			runOnlyForDeploymentPostprocessing = 0;
		};
/* End PBXSourcesBuildPhase section */

/* Begin PBXTargetDependency section */
		03985A5127698531001A1155 /* PBXTargetDependency */ = {
			isa = PBXTargetDependency;
			target = 03985A3E2769852D001A1155 /* iOSBible */;
			targetProxy = 03985A5027698531001A1155 /* PBXContainerItemProxy */;
		};
		03985A5B27698531001A1155 /* PBXTargetDependency */ = {
			isa = PBXTargetDependency;
			target = 03985A3E2769852D001A1155 /* iOSBible */;
			targetProxy = 03985A5A27698531001A1155 /* PBXContainerItemProxy */;
		};
/* End PBXTargetDependency section */

/* Begin XCBuildConfiguration section */
		03985A6127698531001A1155 /* Debug */ = {
			isa = XCBuildConfiguration;
			buildSettings = {
				ALWAYS_SEARCH_USER_PATHS = NO;
				CLANG_ANALYZER_NONNULL = YES;
				CLANG_ANALYZER_NUMBER_OBJECT_CONVERSION = YES_AGGRESSIVE;
				CLANG_CXX_LANGUAGE_STANDARD = "gnu++17";
				CLANG_CXX_LIBRARY = "libc++";
				CLANG_ENABLE_MODULES = YES;
				CLANG_ENABLE_OBJC_ARC = YES;
				CLANG_ENABLE_OBJC_WEAK = YES;
				CLANG_WARN_BLOCK_CAPTURE_AUTORELEASING = YES;
				CLANG_WARN_BOOL_CONVERSION = YES;
				CLANG_WARN_COMMA = YES;
				CLANG_WARN_CONSTANT_CONVERSION = YES;
				CLANG_WARN_DEPRECATED_OBJC_IMPLEMENTATIONS = YES;
				CLANG_WARN_DIRECT_OBJC_ISA_USAGE = YES_ERROR;
				CLANG_WARN_DOCUMENTATION_COMMENTS = YES;
				CLANG_WARN_EMPTY_BODY = YES;
				CLANG_WARN_ENUM_CONVERSION = YES;
				CLANG_WARN_INFINITE_RECURSION = YES;
				CLANG_WARN_INT_CONVERSION = YES;
				CLANG_WARN_NON_LITERAL_NULL_CONVERSION = YES;
				CLANG_WARN_OBJC_IMPLICIT_RETAIN_SELF = YES;
				CLANG_WARN_OBJC_LITERAL_CONVERSION = YES;
				CLANG_WARN_OBJC_ROOT_CLASS = YES_ERROR;
				CLANG_WARN_QUOTED_INCLUDE_IN_FRAMEWORK_HEADER = YES;
				CLANG_WARN_RANGE_LOOP_ANALYSIS = YES;
				CLANG_WARN_STRICT_PROTOTYPES = YES;
				CLANG_WARN_SUSPICIOUS_MOVE = YES;
				CLANG_WARN_UNGUARDED_AVAILABILITY = YES_AGGRESSIVE;
				CLANG_WARN_UNREACHABLE_CODE = YES;
				CLANG_WARN__DUPLICATE_METHOD_MATCH = YES;
				COPY_PHASE_STRIP = NO;
				DEBUG_INFORMATION_FORMAT = dwarf;
				ENABLE_STRICT_OBJC_MSGSEND = YES;
				ENABLE_TESTABILITY = YES;
				GCC_C_LANGUAGE_STANDARD = gnu11;
				GCC_DYNAMIC_NO_PIC = NO;
				GCC_NO_COMMON_BLOCKS = YES;
				GCC_OPTIMIZATION_LEVEL = 0;
				GCC_PREPROCESSOR_DEFINITIONS = (
					"DEBUG=1",
					"$(inherited)",
				);
				GCC_WARN_64_TO_32_BIT_CONVERSION = YES;
				GCC_WARN_ABOUT_RETURN_TYPE = YES_ERROR;
				GCC_WARN_UNDECLARED_SELECTOR = YES;
				GCC_WARN_UNINITIALIZED_AUTOS = YES_AGGRESSIVE;
				GCC_WARN_UNUSED_FUNCTION = YES;
				GCC_WARN_UNUSED_VARIABLE = YES;
				IPHONEOS_DEPLOYMENT_TARGET = 15.0;
				MTL_ENABLE_DEBUG_INFO = INCLUDE_SOURCE;
				MTL_FAST_MATH = YES;
				ONLY_ACTIVE_ARCH = YES;
				SDKROOT = iphoneos;
				SWIFT_ACTIVE_COMPILATION_CONDITIONS = DEBUG;
				SWIFT_OPTIMIZATION_LEVEL = "-Onone";
			};
			name = Debug;
		};
		03985A6227698531001A1155 /* Release */ = {
			isa = XCBuildConfiguration;
			buildSettings = {
				ALWAYS_SEARCH_USER_PATHS = NO;
				CLANG_ANALYZER_NONNULL = YES;
				CLANG_ANALYZER_NUMBER_OBJECT_CONVERSION = YES_AGGRESSIVE;
				CLANG_CXX_LANGUAGE_STANDARD = "gnu++17";
				CLANG_CXX_LIBRARY = "libc++";
				CLANG_ENABLE_MODULES = YES;
				CLANG_ENABLE_OBJC_ARC = YES;
				CLANG_ENABLE_OBJC_WEAK = YES;
				CLANG_WARN_BLOCK_CAPTURE_AUTORELEASING = YES;
				CLANG_WARN_BOOL_CONVERSION = YES;
				CLANG_WARN_COMMA = YES;
				CLANG_WARN_CONSTANT_CONVERSION = YES;
				CLANG_WARN_DEPRECATED_OBJC_IMPLEMENTATIONS = YES;
				CLANG_WARN_DIRECT_OBJC_ISA_USAGE = YES_ERROR;
				CLANG_WARN_DOCUMENTATION_COMMENTS = YES;
				CLANG_WARN_EMPTY_BODY = YES;
				CLANG_WARN_ENUM_CONVERSION = YES;
				CLANG_WARN_INFINITE_RECURSION = YES;
				CLANG_WARN_INT_CONVERSION = YES;
				CLANG_WARN_NON_LITERAL_NULL_CONVERSION = YES;
				CLANG_WARN_OBJC_IMPLICIT_RETAIN_SELF = YES;
				CLANG_WARN_OBJC_LITERAL_CONVERSION = YES;
				CLANG_WARN_OBJC_ROOT_CLASS = YES_ERROR;
				CLANG_WARN_QUOTED_INCLUDE_IN_FRAMEWORK_HEADER = YES;
				CLANG_WARN_RANGE_LOOP_ANALYSIS = YES;
				CLANG_WARN_STRICT_PROTOTYPES = YES;
				CLANG_WARN_SUSPICIOUS_MOVE = YES;
				CLANG_WARN_UNGUARDED_AVAILABILITY = YES_AGGRESSIVE;
				CLANG_WARN_UNREACHABLE_CODE = YES;
				CLANG_WARN__DUPLICATE_METHOD_MATCH = YES;
				COPY_PHASE_STRIP = NO;
				DEBUG_INFORMATION_FORMAT = "dwarf-with-dsym";
				ENABLE_NS_ASSERTIONS = NO;
				ENABLE_STRICT_OBJC_MSGSEND = YES;
				GCC_C_LANGUAGE_STANDARD = gnu11;
				GCC_NO_COMMON_BLOCKS = YES;
				GCC_WARN_64_TO_32_BIT_CONVERSION = YES;
				GCC_WARN_ABOUT_RETURN_TYPE = YES_ERROR;
				GCC_WARN_UNDECLARED_SELECTOR = YES;
				GCC_WARN_UNINITIALIZED_AUTOS = YES_AGGRESSIVE;
				GCC_WARN_UNUSED_FUNCTION = YES;
				GCC_WARN_UNUSED_VARIABLE = YES;
				IPHONEOS_DEPLOYMENT_TARGET = 15.0;
				MTL_ENABLE_DEBUG_INFO = NO;
				MTL_FAST_MATH = YES;
				SDKROOT = iphoneos;
				SWIFT_COMPILATION_MODE = wholemodule;
				SWIFT_OPTIMIZATION_LEVEL = "-O";
				VALIDATE_PRODUCT = YES;
			};
			name = Release;
		};
		03985A6427698531001A1155 /* Debug */ = {
			isa = XCBuildConfiguration;
			buildSettings = {
				ASSETCATALOG_COMPILER_APPICON_NAME = AppIcon;
				ASSETCATALOG_COMPILER_GLOBAL_ACCENT_COLOR_NAME = AccentColor;
				CODE_SIGN_STYLE = Automatic;
				CURRENT_PROJECT_VERSION = 1;
				DEVELOPMENT_ASSET_PATHS = "\"iOSBible/Preview Content\"";
				DEVELOPMENT_TEAM = BQYWD4224M;
				ENABLE_PREVIEWS = YES;
				GENERATE_INFOPLIST_FILE = YES;
				INFOPLIST_KEY_UIApplicationSceneManifest_Generation = YES;
				INFOPLIST_KEY_UIApplicationSupportsIndirectInputEvents = YES;
				INFOPLIST_KEY_UILaunchScreen_Generation = YES;
				INFOPLIST_KEY_UISupportedInterfaceOrientations_iPad = "UIInterfaceOrientationPortrait UIInterfaceOrientationPortraitUpsideDown UIInterfaceOrientationLandscapeLeft UIInterfaceOrientationLandscapeRight";
				INFOPLIST_KEY_UISupportedInterfaceOrientations_iPhone = "UIInterfaceOrientationPortrait UIInterfaceOrientationLandscapeLeft UIInterfaceOrientationLandscapeRight";
				LD_RUNPATH_SEARCH_PATHS = (
					"$(inherited)",
					"@executable_path/Frameworks",
				);
				MARKETING_VERSION = 1.0;
				PRODUCT_BUNDLE_IDENTIFIER = AndyKweon.iOSBible;
				PRODUCT_NAME = "$(TARGET_NAME)";
				SWIFT_EMIT_LOC_STRINGS = YES;
				SWIFT_VERSION = 5.0;
				TARGETED_DEVICE_FAMILY = "1,2";
			};
			name = Debug;
		};
		03985A6527698531001A1155 /* Release */ = {
			isa = XCBuildConfiguration;
			buildSettings = {
				ASSETCATALOG_COMPILER_APPICON_NAME = AppIcon;
				ASSETCATALOG_COMPILER_GLOBAL_ACCENT_COLOR_NAME = AccentColor;
				CODE_SIGN_STYLE = Automatic;
				CURRENT_PROJECT_VERSION = 1;
				DEVELOPMENT_ASSET_PATHS = "\"iOSBible/Preview Content\"";
				DEVELOPMENT_TEAM = BQYWD4224M;
				ENABLE_PREVIEWS = YES;
				GENERATE_INFOPLIST_FILE = YES;
				INFOPLIST_KEY_UIApplicationSceneManifest_Generation = YES;
				INFOPLIST_KEY_UIApplicationSupportsIndirectInputEvents = YES;
				INFOPLIST_KEY_UILaunchScreen_Generation = YES;
				INFOPLIST_KEY_UISupportedInterfaceOrientations_iPad = "UIInterfaceOrientationPortrait UIInterfaceOrientationPortraitUpsideDown UIInterfaceOrientationLandscapeLeft UIInterfaceOrientationLandscapeRight";
				INFOPLIST_KEY_UISupportedInterfaceOrientations_iPhone = "UIInterfaceOrientationPortrait UIInterfaceOrientationLandscapeLeft UIInterfaceOrientationLandscapeRight";
				LD_RUNPATH_SEARCH_PATHS = (
					"$(inherited)",
					"@executable_path/Frameworks",
				);
				MARKETING_VERSION = 1.0;
				PRODUCT_BUNDLE_IDENTIFIER = AndyKweon.iOSBible;
				PRODUCT_NAME = "$(TARGET_NAME)";
				SWIFT_EMIT_LOC_STRINGS = YES;
				SWIFT_VERSION = 5.0;
				TARGETED_DEVICE_FAMILY = "1,2";
			};
			name = Release;
		};
		03985A6727698531001A1155 /* Debug */ = {
			isa = XCBuildConfiguration;
			buildSettings = {
				ALWAYS_EMBED_SWIFT_STANDARD_LIBRARIES = YES;
				BUNDLE_LOADER = "$(TEST_HOST)";
				CODE_SIGN_STYLE = Automatic;
				CURRENT_PROJECT_VERSION = 1;
				DEVELOPMENT_TEAM = BQYWD4224M;
				GENERATE_INFOPLIST_FILE = YES;
				IPHONEOS_DEPLOYMENT_TARGET = 15.0;
				LD_RUNPATH_SEARCH_PATHS = (
					"$(inherited)",
					"@executable_path/Frameworks",
					"@loader_path/Frameworks",
				);
				MARKETING_VERSION = 1.0;
				PRODUCT_BUNDLE_IDENTIFIER = AndyKweon.iOSBibleTests;
				PRODUCT_NAME = "$(TARGET_NAME)";
				SWIFT_EMIT_LOC_STRINGS = NO;
				SWIFT_VERSION = 5.0;
				TARGETED_DEVICE_FAMILY = "1,2";
				TEST_HOST = "$(BUILT_PRODUCTS_DIR)/iOSBible.app/iOSBible";
			};
			name = Debug;
		};
		03985A6827698531001A1155 /* Release */ = {
			isa = XCBuildConfiguration;
			buildSettings = {
				ALWAYS_EMBED_SWIFT_STANDARD_LIBRARIES = YES;
				BUNDLE_LOADER = "$(TEST_HOST)";
				CODE_SIGN_STYLE = Automatic;
				CURRENT_PROJECT_VERSION = 1;
				DEVELOPMENT_TEAM = BQYWD4224M;
				GENERATE_INFOPLIST_FILE = YES;
				IPHONEOS_DEPLOYMENT_TARGET = 15.0;
				LD_RUNPATH_SEARCH_PATHS = (
					"$(inherited)",
					"@executable_path/Frameworks",
					"@loader_path/Frameworks",
				);
				MARKETING_VERSION = 1.0;
				PRODUCT_BUNDLE_IDENTIFIER = AndyKweon.iOSBibleTests;
				PRODUCT_NAME = "$(TARGET_NAME)";
				SWIFT_EMIT_LOC_STRINGS = NO;
				SWIFT_VERSION = 5.0;
				TARGETED_DEVICE_FAMILY = "1,2";
				TEST_HOST = "$(BUILT_PRODUCTS_DIR)/iOSBible.app/iOSBible";
			};
			name = Release;
		};
		03985A6A27698531001A1155 /* Debug */ = {
			isa = XCBuildConfiguration;
			buildSettings = {
				ALWAYS_EMBED_SWIFT_STANDARD_LIBRARIES = YES;
				CODE_SIGN_STYLE = Automatic;
				CURRENT_PROJECT_VERSION = 1;
				DEVELOPMENT_TEAM = BQYWD4224M;
				GENERATE_INFOPLIST_FILE = YES;
				LD_RUNPATH_SEARCH_PATHS = (
					"$(inherited)",
					"@executable_path/Frameworks",
					"@loader_path/Frameworks",
				);
				MARKETING_VERSION = 1.0;
				PRODUCT_BUNDLE_IDENTIFIER = AndyKweon.iOSBibleUITests;
				PRODUCT_NAME = "$(TARGET_NAME)";
				SWIFT_EMIT_LOC_STRINGS = NO;
				SWIFT_VERSION = 5.0;
				TARGETED_DEVICE_FAMILY = "1,2";
				TEST_TARGET_NAME = iOSBible;
			};
			name = Debug;
		};
		03985A6B27698531001A1155 /* Release */ = {
			isa = XCBuildConfiguration;
			buildSettings = {
				ALWAYS_EMBED_SWIFT_STANDARD_LIBRARIES = YES;
				CODE_SIGN_STYLE = Automatic;
				CURRENT_PROJECT_VERSION = 1;
				DEVELOPMENT_TEAM = BQYWD4224M;
				GENERATE_INFOPLIST_FILE = YES;
				LD_RUNPATH_SEARCH_PATHS = (
					"$(inherited)",
					"@executable_path/Frameworks",
					"@loader_path/Frameworks",
				);
				MARKETING_VERSION = 1.0;
				PRODUCT_BUNDLE_IDENTIFIER = AndyKweon.iOSBibleUITests;
				PRODUCT_NAME = "$(TARGET_NAME)";
				SWIFT_EMIT_LOC_STRINGS = NO;
				SWIFT_VERSION = 5.0;
				TARGETED_DEVICE_FAMILY = "1,2";
				TEST_TARGET_NAME = iOSBible;
			};
			name = Release;
		};
/* End XCBuildConfiguration section */

/* Begin XCConfigurationList section */
		03985A3A2769852D001A1155 /* Build configuration list for PBXProject "iOSBible" */ = {
			isa = XCConfigurationList;
			buildConfigurations = (
				03985A6127698531001A1155 /* Debug */,
				03985A6227698531001A1155 /* Release */,
			);
			defaultConfigurationIsVisible = 0;
			defaultConfigurationName = Release;
		};
		03985A6327698531001A1155 /* Build configuration list for PBXNativeTarget "iOSBible" */ = {
			isa = XCConfigurationList;
			buildConfigurations = (
				03985A6427698531001A1155 /* Debug */,
				03985A6527698531001A1155 /* Release */,
			);
			defaultConfigurationIsVisible = 0;
			defaultConfigurationName = Release;
		};
		03985A6627698531001A1155 /* Build configuration list for PBXNativeTarget "iOSBibleTests" */ = {
			isa = XCConfigurationList;
			buildConfigurations = (
				03985A6727698531001A1155 /* Debug */,
				03985A6827698531001A1155 /* Release */,
			);
			defaultConfigurationIsVisible = 0;
			defaultConfigurationName = Release;
		};
		03985A6927698531001A1155 /* Build configuration list for PBXNativeTarget "iOSBibleUITests" */ = {
			isa = XCConfigurationList;
			buildConfigurations = (
				03985A6A27698531001A1155 /* Debug */,
				03985A6B27698531001A1155 /* Release */,
			);
			defaultConfigurationIsVisible = 0;
			defaultConfigurationName = Release;
		};
/* End XCConfigurationList section */
	};
	rootObject = 03985A372769852D001A1155 /* Project object */;
}
